GEM
  remote: https://rubygems.org/
  specs:
    bigdecimal (4.1.2)
    ffi (1.17.4)
    ffi (1.17.4-aarch64-linux-gnu)
    ffi (1.17.4-aarch64-linux-musl)
    ffi (1.17.4-arm-linux-gnu)
    ffi (1.17.4-arm-linux-musl)
    ffi (1.17.4-arm64-darwin)
    ffi (1.17.4-x64-mingw-ucrt)
    ffi (1.17.4-x86-linux-gnu)
    ffi (1.17.4-x86-linux-musl)
    ffi (1.17.4-x86_64-darwin)
    ffi (1.17.4-x86_64-linux-gnu)
    ffi (1.17.4-x86_64-linux-musl)
    google-protobuf (4.35.1)
      bigdecimal
      rake (~> 13.3)
    google-protobuf (4.35.1-aarch64-linux-gnu)
      bigdecimal
      rake (~> 13.3)
    google-protobuf (4.35.1-aarch64-linux-musl)
      bigdecimal
      rake (~> 13.3)
    google-protobuf (4.35.1-arm64-darwin)
      bigdecimal
      rake (~> 13.3)
    google-protobuf (4.35.1-x64-mingw-ucrt)
      bigdecimal
      rake (~> 13.3)
    google-protobuf (4.35.1-x86-linux-gnu)
      bigdecimal
      rake (~> 13.3)
    google-protobuf (4.35.1-x86-linux-musl)
      bigdecimal
      rake (~> 13.3)
    google-protobuf (4.35.1-x86_64-darwin)
      bigdecimal
      rake (~> 13.3)
    google-protobuf (4.35.1-x86_64-linux-gnu)
      bigdecimal
      rake (~> 13.3)
    google-protobuf (4.35.1-x86_64-linux-musl)
      bigdecimal
      rake (~> 13.3)
    minitest (5.27.0)
    rake (13.4.2)
    sorbet-runtime (0.6.13506)

PLATFORMS
  aarch64-linux-gnu
  aarch64-linux-musl
  arm-linux-gnu
  arm-linux-musl
  arm64-darwin
  ruby
  x64-mingw-ucrt
  x86-linux-gnu
  x86-linux-musl
  x86_64-darwin
  x86_64-linux
  x86_64-linux-gnu
  x86_64-linux-musl

DEPENDENCIES
  ffi (>= 1.17.4, < 2)
  google-protobuf (~> 4.0)
  minitest (~> 5.0)
  sorbet-runtime (~> 0.5)

CHECKSUMS
  bigdecimal (4.1.2) sha256=53d217666027eab4280346fba98e7d5b66baaae1b9c3c1c0ffe89d48188a3fbd
  ffi (1.17.4) sha256=bcd1642e06f0d16fc9e09ac6d49c3a7298b9789bcb58127302f934e437d60acf
  ffi (1.17.4-aarch64-linux-gnu) sha256=b208f06f91ffd8f5e1193da3cae3d2ccfc27fc36fba577baf698d26d91c080df
  ffi (1.17.4-aarch64-linux-musl) sha256=9286b7a615f2676245283aef0a0a3b475ae3aae2bb5448baace630bb77b91f39
  ffi (1.17.4-arm-linux-gnu) sha256=d6dbddf7cb77bf955411af5f187a65b8cd378cb003c15c05697f5feee1cb1564
  ffi (1.17.4-arm-linux-musl) sha256=9d4838ded0465bef6e2426935f6bcc93134b6616785a84ffd2a3d82bc3cf6f95
  ffi (1.17.4-arm64-darwin) sha256=19071aaf1419251b0a46852abf960e77330a3b334d13a4ab51d58b31a937001b
  ffi (1.17.4-x64-mingw-ucrt) sha256=f6ff9618cfccc494138bddade27aa06c74c6c7bc367a1ea1103d80c2fcb9ed35
  ffi (1.17.4-x86-linux-gnu) sha256=38e150df5f4ca555e25beca4090823ae09657bceded154e3c52f8631c1ed72cf
  ffi (1.17.4-x86-linux-musl) sha256=fbeec0fc7c795bcf86f623bb18d31ea1820f7bd580e1703a3d3740d527437809
  ffi (1.17.4-x86_64-darwin) sha256=aa70390523cf3235096cf64962b709b4cfbd5c082a2cb2ae714eb0fe2ccda496
  ffi (1.17.4-x86_64-linux-gnu) sha256=9d3db14c2eae074b382fa9c083fe95aec6e0a1451da249eab096c34002bc752d
  ffi (1.17.4-x86_64-linux-musl) sha256=3fdf9888483de005f8ef8d1cf2d3b20d86626af206cbf780f6a6a12439a9c49e
  google-protobuf (4.35.1) sha256=a3a6471331d918f58dfa4d014a8f6286f0af2cf4840216bde52fcf2ea3fe3726
  google-protobuf (4.35.1-aarch64-linux-gnu) sha256=50ca44d0eeff3f8475e630a1accdd974256f3510694d574e2c9d6119ea8bc9e1
  google-protobuf (4.35.1-aarch64-linux-musl) sha256=d5c65cef6bd6498a9e5ed5f88cf6cf7e341c10b0a005e32137d5d1a2b6e8c18a
  google-protobuf (4.35.1-arm64-darwin) sha256=d9c957df04fa89c749fa9a72a7b383eb4296efc9b2303dc6fd6fbe39c698ad6b
  google-protobuf (4.35.1-x64-mingw-ucrt) sha256=0660b716c44a4d3baa5cb648cd95dc7faed87ea92cd08fe92cf9156415b35033
  google-protobuf (4.35.1-x86-linux-gnu) sha256=cc7492566b27ad8b5dfa3a7b6f9b11e905050cc53c2fa8ff22de375a9e7a70fb
  google-protobuf (4.35.1-x86-linux-musl) sha256=ab403790b59e4dc588ffbed1eaacf05d4ca2f0d12ac9c13d6c64e69380d8c99e
  google-protobuf (4.35.1-x86_64-darwin) sha256=66b62b4df00931018a692806df66393efa960d6d2b7da69735187249f950d3ee
  google-protobuf (4.35.1-x86_64-linux-gnu) sha256=c786439087512a3fbd199e9897d265b855f951d4027e218ea55e858d45969edd
  google-protobuf (4.35.1-x86_64-linux-musl) sha256=91890eb0002934a339fdb7d77a147c46b7474b6799db27872b747b905837f744
  minitest (5.27.0) sha256=2d3b17f8a36fe7801c1adcffdbc38233b938eb0b4966e97a6739055a45fa77d5
  rake (13.4.2) sha256=cb825b2bd5f1f8e91ca37bddb4b9aaf345551b4731da62949be002fa89283701
  sorbet-runtime (0.6.13506) sha256=94a7ff795cf2a67818a954883c0301de0b7222a9f732b24ab30ea5253e7568f6

BUNDLED WITH
  4.0.4
