{
  "nodes": {
    "crane": {
      "locked": {
        "lastModified": 1759511609,
        "narHash": "sha256-uU6Dq5OUgI9pEiMDwZZhvsoxYD+36xKIkYyFXDr//6A=",
        "owner": "ipetkov",
        "repo": "crane",
        "rev": "c5b48a59ccd5179ea626f47b05d2828c37fb31b7",
        "type": "github"
      },
      "original": {
        "owner": "ipetkov",
        "repo": "crane",
        "type": "github"
      }
    },
    "disko": {
      "inputs": {
        "nixpkgs": [
          "index",
          "nixpkgs"
        ]
      },
      "locked": {
        "lastModified": 1781152676,
        "narHash": "sha256-RxWs5ND31KzTG7wvMM+PMfUjyNpmIEr999lqNARaM5o=",
        "owner": "nix-community",
        "repo": "disko",
        "rev": "ff8702b4de27f72b4c78573dfb89ec74e36abdf1",
        "type": "github"
      },
      "original": {
        "owner": "nix-community",
        "repo": "disko",
        "type": "github"
      }
    },
    "drgn-src": {
      "flake": false,
      "locked": {
        "lastModified": 1777486813,
        "narHash": "sha256-RyMWHiNfpJ6gAefXVB5cQKbtXQzBEJ+0syPsry2me1I=",
        "ref": "refs/tags/v0.2.0",
        "rev": "818b5a7e8a4db82a1e0326667e7afaec5bf5fd19",
        "revCount": 3016,
        "submodules": true,
        "type": "git",
        "url": "https://github.com/osandov/drgn"
      },
      "original": {
        "ref": "refs/tags/v0.2.0",
        "submodules": true,
        "type": "git",
        "url": "https://github.com/osandov/drgn"
      }
    },
    "examples": {
      "flake": false,
      "locked": {
        "path": "./examples",
        "type": "path"
      },
      "original": {
        "path": "./examples",
        "type": "path"
      },
      "parent": [
        "index"
      ]
    },
    "fenix": {
      "inputs": {
        "nixpkgs": [
          "nixpkgs"
        ],
        "rust-analyzer-src": "rust-analyzer-src"
      },
      "locked": {
        "lastModified": 1759560021,
        "narHash": "sha256-J/rtMKVUAEqOFj0ogvcHKK8HbaKhw+tiNrDOpEM+ZDY=",
        "owner": "nix-community",
        "repo": "fenix",
        "rev": "6ffcbf59c119b0c6384c7d98f18cea06a9af7e9c",
        "type": "github"
      },
      "original": {
        "owner": "nix-community",
        "repo": "fenix",
        "type": "github"
      }
    },
    "fff-src": {
      "flake": false,
      "locked": {
        "lastModified": 1780561592,
        "narHash": "sha256-6ZmEeN/Ued9FZo/qfUb8/0L02F+8ECV0smAiQvIqyzU=",
        "owner": "dmtrKovalenko",
        "repo": "fff",
        "rev": "1e055f9d7b94f33a7f393ac95e779bed72650d56",
        "type": "github"
      },
      "original": {
        "owner": "dmtrKovalenko",
        "ref": "v0.9.1",
        "repo": "fff",
        "type": "github"
      }
    },
    "flake-compat": {
      "flake": false,
      "locked": {
        "lastModified": 1747046372,
        "narHash": "sha256-CIVLLkVgvHYbgI2UpXvIIBJ12HWgX+fjA8Xf8PUmqCY=",
        "owner": "edolstra",
        "repo": "flake-compat",
        "rev": "9100a0f413b0c601e0533d1d94ffd501ce2e7885",
        "type": "github"
      },
      "original": {
        "owner": "edolstra",
        "repo": "flake-compat",
        "type": "github"
      }
    },
    "flake-parts": {
      "inputs": {
        "nixpkgs-lib": [
          "index",
          "hermes-agent",
          "nixpkgs"
        ]
      },
      "locked": {
        "lastModified": 1772408722,
        "narHash": "sha256-rHuJtdcOjK7rAHpHphUb1iCvgkU3GpfvicLMwwnfMT0=",
        "owner": "hercules-ci",
        "repo": "flake-parts",
        "rev": "f20dc5d9b8027381c474144ecabc9034d6a839a3",
        "type": "github"
      },
      "original": {
        "owner": "hercules-ci",
        "repo": "flake-parts",
        "type": "github"
      }
    },
    "flake-utils": {
      "inputs": {
        "systems": "systems"
      },
      "locked": {
        "lastModified": 1731533236,
        "narHash": "sha256-l0KFg5HjrsfsO/JpG+r7fRrqm12kzFHyUHqHCVpMMbI=",
        "owner": "numtide",
        "repo": "flake-utils",
        "rev": "11707dc2f618dd54ca8739b309ec4fc024de578b",
        "type": "github"
      },
      "original": {
        "owner": "numtide",
        "repo": "flake-utils",
        "type": "github"
      }
    },
    "hermes-agent": {
      "inputs": {
        "flake-parts": "flake-parts",
        "nixpkgs": [
          "index",
          "nixpkgs"
        ],
        "npm-lockfile-fix": "npm-lockfile-fix",
        "pyproject-build-systems": "pyproject-build-systems",
        "pyproject-nix": "pyproject-nix_2",
        "uv2nix": "uv2nix_2"
      },
      "locked": {
        "lastModified": 1778925537,
        "narHash": "sha256-d9qhrTy45Q5UsmjapqMHOVi9e+gR9zE8Nq9Z0wObLmc=",
        "owner": "NousResearch",
        "repo": "hermes-agent",
        "rev": "a91a57fa5a13d516c38b07a141a9ce8a3daabeb0",
        "type": "github"
      },
      "original": {
        "owner": "NousResearch",
        "ref": "v2026.5.16",
        "repo": "hermes-agent",
        "type": "github"
      }
    },
    "home-manager": {
      "inputs": {
        "nixpkgs": [
          "index",
          "nixpkgs"
        ]
      },
      "locked": {
        "lastModified": 1784407317,
        "narHash": "sha256-iZrxHToDJWnvt+5LGAtvuQMTy1NZYlNEKbKaVtBJNcc=",
        "owner": "nix-community",
        "repo": "home-manager",
        "rev": "39411a8e12a5526d992e65bc7e3dc9a4414d6713",
        "type": "github"
      },
      "original": {
        "owner": "nix-community",
        "repo": "home-manager",
        "type": "github"
      }
    },
    "index": {
      "inputs": {
        "disko": "disko",
        "drgn-src": "drgn-src",
        "examples": "examples",
        "fff-src": "fff-src",
        "hermes-agent": "hermes-agent",
        "home-manager": "home-manager",
        "nix-ninja-src": "nix-ninja-src",
        "nixpkgs": "nixpkgs",
        "nu-jupyter-kernel-src": "nu-jupyter-kernel-src",
        "perftest-src": "perftest-src",
        "pg-uint128-src": "pg-uint128-src",
        "rust-overlay": "rust-overlay",
        "sdk-prebuilt-nixpkgs": "sdk-prebuilt-nixpkgs",
        "sdk-prebuilt-rust-overlay": "sdk-prebuilt-rust-overlay",
        "site": "site",
        "skills": "skills",
        "snix-src": "snix-src",
        "tests": "tests"
      },
      "locked": {
        "lastModified": 1786923087,
        "narHash": "sha256-90EGqNn5nPgrNC0C98FXuxQzupPKW2Wx/Wxv9vhb5H8=",
        "owner": "indexable-inc",
        "repo": "index",
        "rev": "b8652df400e424c02a24f233d52bd8bdcbffdf80",
        "type": "github"
      },
      "original": {
        "owner": "indexable-inc",
        "repo": "index",
        "rev": "b8652df400e424c02a24f233d52bd8bdcbffdf80",
        "type": "github"
      }
    },
    "ix-runners": {
      "locked": {
        "lastModified": 1786839421,
        "narHash": "sha256-Qk7mmtXabrPwgcQ0BmamzyN1oTcc79NP8WvhMW8dhbA=",
        "owner": "indexable-inc",
        "repo": "ix-runners",
        "rev": "275f844b869476bde794f3d691ebd946f20a890d",
        "type": "github"
      },
      "original": {
        "owner": "indexable-inc",
        "repo": "ix-runners",
        "rev": "275f844b869476bde794f3d691ebd946f20a890d",
        "type": "github"
      }
    },
    "nix-ninja-src": {
      "flake": false,
      "locked": {
        "lastModified": 1778777365,
        "narHash": "sha256-/jmN3Uvpg+4s2bcxzdCTHKro9HbHvswz/Aua3xzrxac=",
        "owner": "pdtpartners",
        "repo": "nix-ninja",
        "rev": "f16edb417af156cdb777cc1201b67733b82b224e",
        "type": "github"
      },
      "original": {
        "owner": "pdtpartners",
        "repo": "nix-ninja",
        "rev": "f16edb417af156cdb777cc1201b67733b82b224e",
        "type": "github"
      }
    },
    "nixpkgs": {
      "locked": {
        "lastModified": 1784796856,
        "narHash": "sha256-wWFrV5/Qbm+lyt5x20E/bSbfJiGKMo4RCxZV8cl/WZI=",
        "owner": "NixOS",
        "repo": "nixpkgs",
        "rev": "e2587caef70cea85dd97d7daab492899902dbf5d",
        "type": "github"
      },
      "original": {
        "owner": "NixOS",
        "ref": "nixos-unstable",
        "repo": "nixpkgs",
        "type": "github"
      }
    },
    "nixpkgs-ci": {
      "locked": {
        "lastModified": 1786599213,
        "narHash": "sha256-yNJd40f11EzXBjSByCB7IPpeFFAdeoSKKM67dGkfFoU=",
        "owner": "NixOS",
        "repo": "nixpkgs",
        "rev": "0e251e24a4f24e036a084b6b4b2d2491af4167f4",
        "type": "github"
      },
      "original": {
        "owner": "NixOS",
        "ref": "nixos-unstable",
        "repo": "nixpkgs",
        "type": "github"
      }
    },
    "nixpkgs-unstable": {
      "locked": {
        "lastModified": 1759381078,
        "narHash": "sha256-gTrEEp5gEspIcCOx9PD8kMaF1iEmfBcTbO0Jag2QhQs=",
        "owner": "NixOS",
        "repo": "nixpkgs",
        "rev": "7df7ff7d8e00218376575f0acdcc5d66741351ee",
        "type": "github"
      },
      "original": {
        "owner": "NixOS",
        "ref": "nixos-unstable",
        "repo": "nixpkgs",
        "type": "github"
      }
    },
    "nixpkgs_2": {
      "locked": {
        "lastModified": 1759381078,
        "narHash": "sha256-gTrEEp5gEspIcCOx9PD8kMaF1iEmfBcTbO0Jag2QhQs=",
        "owner": "NixOS",
        "repo": "nixpkgs",
        "rev": "7df7ff7d8e00218376575f0acdcc5d66741351ee",
        "type": "github"
      },
      "original": {
        "owner": "NixOS",
        "repo": "nixpkgs",
        "rev": "7df7ff7d8e00218376575f0acdcc5d66741351ee",
        "type": "github"
      }
    },
    "npm-lockfile-fix": {
      "inputs": {
        "nixpkgs": [
          "index",
          "hermes-agent",
          "nixpkgs"
        ]
      },
      "locked": {
        "lastModified": 1775903712,
        "narHash": "sha256-2GV79U6iVH4gKAPWYrxUReB0S41ty/Y3dBLquU8AlaA=",
        "owner": "jeslie0",
        "repo": "npm-lockfile-fix",
        "rev": "c6093acb0c0548e0f9b8b3d82918823721930fe8",
        "type": "github"
      },
      "original": {
        "owner": "jeslie0",
        "repo": "npm-lockfile-fix",
        "type": "github"
      }
    },
    "nu-jupyter-kernel-src": {
      "flake": false,
      "locked": {
        "lastModified": 1774877791,
        "narHash": "sha256-hBMmIJYRUs5fDPLYxVhfpiQHShZV4uj/o+DRuQsCIjk=",
        "owner": "cptpiepmatz",
        "repo": "nu-jupyter-kernel",
        "rev": "016d5089d9b0c66beb95311e339e252c8b9dd4e4",
        "type": "github"
      },
      "original": {
        "owner": "cptpiepmatz",
        "repo": "nu-jupyter-kernel",
        "rev": "016d5089d9b0c66beb95311e339e252c8b9dd4e4",
        "type": "github"
      }
    },
    "perftest-src": {
      "flake": false,
      "locked": {
        "lastModified": 1780225113,
        "narHash": "sha256-oNvzQubmslZ4JUNww/wvWd54JDsDLamCDlorHWlNtaY=",
        "ref": "refs/tags/26.04.17",
        "rev": "720b61082454e189b1f21835ec175536a944afc3",
        "revCount": 1432,
        "type": "git",
        "url": "https://github.com/linux-rdma/perftest"
      },
      "original": {
        "ref": "refs/tags/26.04.17",
        "type": "git",
        "url": "https://github.com/linux-rdma/perftest"
      }
    },
    "pg-uint128-src": {
      "flake": false,
      "locked": {
        "lastModified": 1762189440,
        "narHash": "sha256-D2eTxzVZCQk9Cz4bhSmKu9hfL8r1RwkjS8ajadKb5sY=",
        "owner": "pg-uint",
        "repo": "pg-uint128",
        "rev": "db7a79a0f5ccd3d59404d6b9510e01f0876699ea",
        "type": "github"
      },
      "original": {
        "owner": "pg-uint",
        "ref": "1.2.0",
        "repo": "pg-uint128",
        "type": "github"
      }
    },
    "pyproject-build-systems": {
      "inputs": {
        "nixpkgs": [
          "index",
          "hermes-agent",
          "nixpkgs"
        ],
        "pyproject-nix": "pyproject-nix",
        "uv2nix": "uv2nix"
      },
      "locked": {
        "lastModified": 1772555609,
        "narHash": "sha256-3BA3HnUvJSbHJAlJj6XSy0Jmu7RyP2gyB/0fL7XuEDo=",
        "owner": "pyproject-nix",
        "repo": "build-system-pkgs",
        "rev": "c37f66a953535c394244888598947679af231863",
        "type": "github"
      },
      "original": {
        "owner": "pyproject-nix",
        "repo": "build-system-pkgs",
        "type": "github"
      }
    },
    "pyproject-nix": {
      "inputs": {
        "nixpkgs": [
          "index",
          "hermes-agent",
          "pyproject-build-systems",
          "nixpkgs"
        ]
      },
      "locked": {
        "lastModified": 1769936401,
        "narHash": "sha256-kwCOegKLZJM9v/e/7cqwg1p/YjjTAukKPqmxKnAZRgA=",
        "owner": "nix-community",
        "repo": "pyproject.nix",
        "rev": "b0d513eeeebed6d45b4f2e874f9afba2021f7812",
        "type": "github"
      },
      "original": {
        "owner": "nix-community",
        "repo": "pyproject.nix",
        "type": "github"
      }
    },
    "pyproject-nix_2": {
      "inputs": {
        "nixpkgs": [
          "index",
          "hermes-agent",
          "nixpkgs"
        ]
      },
      "locked": {
        "lastModified": 1772865871,
        "narHash": "sha256-/ZTSg97aouL0SlPHaokA4r3iuH9QzHVuWPACD2CUCFY=",
        "owner": "pyproject-nix",
        "repo": "pyproject.nix",
        "rev": "e537db02e72d553cea470976b9733581bcf5b3ed",
        "type": "github"
      },
      "original": {
        "owner": "pyproject-nix",
        "repo": "pyproject.nix",
        "type": "github"
      }
    },
    "pyproject-nix_3": {
      "inputs": {
        "nixpkgs": [
          "index",
          "hermes-agent",
          "uv2nix",
          "nixpkgs"
        ]
      },
      "locked": {
        "lastModified": 1771518446,
        "narHash": "sha256-nFJSfD89vWTu92KyuJWDoTQJuoDuddkJV3TlOl1cOic=",
        "owner": "pyproject-nix",
        "repo": "pyproject.nix",
        "rev": "eb204c6b3335698dec6c7fc1da0ebc3c6df05937",
        "type": "github"
      },
      "original": {
        "owner": "pyproject-nix",
        "repo": "pyproject.nix",
        "type": "github"
      }
    },
    "root": {
      "inputs": {
        "crane": "crane",
        "fenix": "fenix",
        "flake-compat": "flake-compat",
        "flake-utils": "flake-utils",
        "index": "index",
        "ix-runners": "ix-runners",
        "nixpkgs": "nixpkgs_2",
        "nixpkgs-ci": "nixpkgs-ci",
        "nixpkgs-unstable": "nixpkgs-unstable",
        "rust-overlay": "rust-overlay_2"
      }
    },
    "rust-analyzer-src": {
      "flake": false,
      "locked": {
        "lastModified": 1759301569,
        "narHash": "sha256-7StxDed3v2fAWLkl+Hse9FlpjT7Dk7Cn/4vxTFyEhIg=",
        "owner": "rust-lang",
        "repo": "rust-analyzer",
        "rev": "472037b789cf593172d6adf3b8d9f7a429f6cd9b",
        "type": "github"
      },
      "original": {
        "owner": "rust-lang",
        "ref": "nightly",
        "repo": "rust-analyzer",
        "type": "github"
      }
    },
    "rust-overlay": {
      "inputs": {
        "nixpkgs": [
          "index",
          "nixpkgs"
        ]
      },
      "locked": {
        "lastModified": 1784438913,
        "narHash": "sha256-NYF7ZM5ip0u+w1pBFDpIGEbrbgN/wpnLFAmBkWkYMXw=",
        "owner": "oxalica",
        "repo": "rust-overlay",
        "rev": "afacd6819d3765a05814ee8e3de74c77d42ac799",
        "type": "github"
      },
      "original": {
        "owner": "oxalica",
        "repo": "rust-overlay",
        "type": "github"
      }
    },
    "rust-overlay_2": {
      "inputs": {
        "nixpkgs": [
          "nixpkgs-unstable"
        ]
      },
      "locked": {
        "lastModified": 1786638241,
        "narHash": "sha256-KJhq0HYg2gIZjpsj47z1kWrjoUUAqSqdD2mMWAsOg4k=",
        "owner": "oxalica",
        "repo": "rust-overlay",
        "rev": "892c035d7c2ff75acd5da10424a47ab454e1f3dc",
        "type": "github"
      },
      "original": {
        "owner": "oxalica",
        "repo": "rust-overlay",
        "type": "github"
      }
    },
    "sdk-prebuilt-nixpkgs": {
      "flake": false,
      "locked": {
        "lastModified": 1780749050,
        "narHash": "sha256-3av0pIjlOWQ6rDbNOmpUSvbNnJkGORQKKjb4LtCZsIY=",
        "owner": "NixOS",
        "repo": "nixpkgs",
        "rev": "a799d3e3886da994fa307f817a6bc705ae538eeb",
        "type": "github"
      },
      "original": {
        "owner": "NixOS",
        "repo": "nixpkgs",
        "rev": "a799d3e3886da994fa307f817a6bc705ae538eeb",
        "type": "github"
      }
    },
    "sdk-prebuilt-rust-overlay": {
      "flake": false,
      "locked": {
        "lastModified": 1781147846,
        "narHash": "sha256-hBdiQYd40xRtBWBiXHUxuQYWmJBiK19YO1FiYgrmEo0=",
        "owner": "oxalica",
        "repo": "rust-overlay",
        "rev": "107c334f141854f563f8adf1db781dc453d92639",
        "type": "github"
      },
      "original": {
        "owner": "oxalica",
        "repo": "rust-overlay",
        "rev": "107c334f141854f563f8adf1db781dc453d92639",
        "type": "github"
      }
    },
    "site": {
      "flake": false,
      "locked": {
        "path": "./packages/site",
        "type": "path"
      },
      "original": {
        "path": "./packages/site",
        "type": "path"
      },
      "parent": [
        "index"
      ]
    },
    "skills": {
      "flake": false,
      "locked": {
        "path": "./skills",
        "type": "path"
      },
      "original": {
        "path": "./skills",
        "type": "path"
      },
      "parent": [
        "index"
      ]
    },
    "snix-src": {
      "flake": false,
      "locked": {
        "lastModified": 1784393924,
        "narHash": "sha256-Xx1mEUl6APSsvGbXAoVMg0+Bjy1HqwxRzeTcQqvXji0=",
        "ref": "canon",
        "rev": "0733287b294d2a8d674cb2e39baa1cad3711a5e8",
        "shallow": true,
        "type": "git",
        "url": "https://git.snix.dev/snix/snix"
      },
      "original": {
        "ref": "canon",
        "shallow": true,
        "type": "git",
        "url": "https://git.snix.dev/snix/snix"
      }
    },
    "systems": {
      "locked": {
        "lastModified": 1681028828,
        "narHash": "sha256-Vy1rq5AaRuLzOxct8nz4T6wlgyUR7zLU309k9mBC768=",
        "owner": "nix-systems",
        "repo": "default",
        "rev": "da67096a3b9bf56a91d16901293e51ba5b49a27e",
        "type": "github"
      },
      "original": {
        "owner": "nix-systems",
        "repo": "default",
        "type": "github"
      }
    },
    "tests": {
      "flake": false,
      "locked": {
        "path": "./tests",
        "type": "path"
      },
      "original": {
        "path": "./tests",
        "type": "path"
      },
      "parent": [
        "index"
      ]
    },
    "uv2nix": {
      "inputs": {
        "nixpkgs": [
          "index",
          "hermes-agent",
          "pyproject-build-systems",
          "nixpkgs"
        ],
        "pyproject-nix": [
          "index",
          "hermes-agent",
          "pyproject-build-systems",
          "pyproject-nix"
        ]
      },
      "locked": {
        "lastModified": 1770770348,
        "narHash": "sha256-A2GzkmzdYvdgmMEu5yxW+xhossP+txrYb7RuzRaqhlg=",
        "owner": "pyproject-nix",
        "repo": "uv2nix",
        "rev": "5d1b2cb4fe3158043fbafbbe2e46238abbc954b0",
        "type": "github"
      },
      "original": {
        "owner": "pyproject-nix",
        "repo": "uv2nix",
        "type": "github"
      }
    },
    "uv2nix_2": {
      "inputs": {
        "nixpkgs": [
          "index",
          "hermes-agent",
          "nixpkgs"
        ],
        "pyproject-nix": "pyproject-nix_3"
      },
      "locked": {
        "lastModified": 1773039484,
        "narHash": "sha256-+boo33KYkJDw9KItpeEXXv8+65f7hHv/earxpcyzQ0I=",
        "owner": "pyproject-nix",
        "repo": "uv2nix",
        "rev": "b68be7cfeacbed9a3fa38a2b5adc0cfb81d9bb1f",
        "type": "github"
      },
      "original": {
        "owner": "pyproject-nix",
        "repo": "uv2nix",
        "type": "github"
      }
    }
  },
  "root": "root",
  "version": 7
}
