lockfileVersion: '6.1'

settings:
  autoInstallPeers: true
  excludeLinksFromLockfile: false

devDependencies:
  cargo-cp-artifact:
    specifier: ^0.1
    version: 0.1.0

packages:

  /cargo-cp-artifact@0.1.0:
    resolution: {integrity: sha512-29+tOXvPWghDESqMZMFGIEtmNCn1lbkLyUPIBLXs0qO4eYFcVnN73t4hqQ9Btye4aUQjabZQQPsUtxHE6AqzUg==}
    hasBin: true
    dev: true
