version = 1
revision = 3
requires-python = ">=3.9"
resolution-markers = [
    "python_full_version >= '3.10'",
    "python_full_version < '3.10'",
]

[options]
exclude-newer = "2026-04-21T00:50:51.005473Z"
exclude-newer-span = "-P7D"

[[package]]
name = "annotated-types"
version = "0.7.0"
source = { registry = "https://pypi.org/simple" }
sdist = { url = "https://files.pythonhosted.org/packages/ee/67/531ea369ba64dcff5ec9c3402f9f51bf748cec26dde048a2f973a4eea7f5/annotated_types-0.7.0.tar.gz", hash = "sha256:aff07c09a53a08bc8cfccb9c85b05f1aa9a2a6f23728d790723543408344ce89", size = 16081, upload-time = "2024-05-20T21:33:25.928Z" }
wheels = [
    { url = "https://files.pythonhosted.org/packages/78/b6/6307fbef88d9b5ee7421e68d78a9f162e0da4900bc5f5793f6d3d0e34fb8/annotated_types-0.7.0-py3-none-any.whl", hash = "sha256:1f02e8b43a8fbbc3f3e0d4f0f4bfc8131bcb4eebe8849b8e5c773f3a1c582a53", size = 13643, upload-time = "2024-05-20T21:33:24.1Z" },
]

[[package]]
name = "baml"
version = "0.0.0"
source = { editable = "../../../crates/bridge_python" }
dependencies = [
    { name = "protobuf", version = "6.33.6", source = { registry = "https://pypi.org/simple" }, marker = "python_full_version < '3.10'" },
    { name = "protobuf", version = "7.34.1", source = { registry = "https://pypi.org/simple" }, marker = "python_full_version >= '3.10'" },
]

[package.metadata]
requires-dist = [{ name = "protobuf", specifier = ">=6.31.1" }]

[package.metadata.requires-dev]
dev = [
    { name = "grpcio-tools", specifier = ">=1.50" },
    { name = "maturin", specifier = ">=1.0,<2.0" },
    { name = "pydantic", specifier = ">=2" },
    { name = "pytest", specifier = ">=7" },
    { name = "pytest-asyncio", specifier = ">=0.21" },
]

[[package]]
name = "baml-bridge-python-e2e-demo"
version = "0.0.0"
source = { editable = "." }
dependencies = [
    { name = "baml" },
    { name = "pydantic" },
]

[package.metadata]
requires-dist = [
    { name = "baml", editable = "../../../crates/bridge_python" },
    { name = "pydantic", specifier = ">=2.0" },
]

[[package]]
name = "protobuf"
version = "6.33.6"
source = { registry = "https://pypi.org/simple" }
resolution-markers = [
    "python_full_version < '3.10'",
]
sdist = { url = "https://files.pythonhosted.org/packages/66/70/e908e9c5e52ef7c3a6c7902c9dfbb34c7e29c25d2f81ade3856445fd5c94/protobuf-6.33.6.tar.gz", hash = "sha256:a6768d25248312c297558af96a9f9c929e8c4cee0659cb07e780731095f38135", size = 444531, upload-time = "2026-03-18T19:05:00.988Z" }
wheels = [
    { url = "https://files.pythonhosted.org/packages/fc/9f/2f509339e89cfa6f6a4c4ff50438db9ca488dec341f7e454adad60150b00/protobuf-6.33.6-cp310-abi3-win32.whl", hash = "sha256:7d29d9b65f8afef196f8334e80d6bc1d5d4adedb449971fefd3723824e6e77d3", size = 425739, upload-time = "2026-03-18T19:04:48.373Z" },
    { url = "https://files.pythonhosted.org/packages/76/5d/683efcd4798e0030c1bab27374fd13a89f7c2515fb1f3123efdfaa5eab57/protobuf-6.33.6-cp310-abi3-win_amd64.whl", hash = "sha256:0cd27b587afca21b7cfa59a74dcbd48a50f0a6400cfb59391340ad729d91d326", size = 437089, upload-time = "2026-03-18T19:04:50.381Z" },
    { url = "https://files.pythonhosted.org/packages/5c/01/a3c3ed5cd186f39e7880f8303cc51385a198a81469d53d0fdecf1f64d929/protobuf-6.33.6-cp39-abi3-macosx_10_9_universal2.whl", hash = "sha256:9720e6961b251bde64edfdab7d500725a2af5280f3f4c87e57c0208376aa8c3a", size = 427737, upload-time = "2026-03-18T19:04:51.866Z" },
    { url = "https://files.pythonhosted.org/packages/ee/90/b3c01fdec7d2f627b3a6884243ba328c1217ed2d978def5c12dc50d328a3/protobuf-6.33.6-cp39-abi3-manylinux2014_aarch64.whl", hash = "sha256:e2afbae9b8e1825e3529f88d514754e094278bb95eadc0e199751cdd9a2e82a2", size = 324610, upload-time = "2026-03-18T19:04:53.096Z" },
    { url = "https://files.pythonhosted.org/packages/9b/ca/25afc144934014700c52e05103c2421997482d561f3101ff352e1292fb81/protobuf-6.33.6-cp39-abi3-manylinux2014_s390x.whl", hash = "sha256:c96c37eec15086b79762ed265d59ab204dabc53056e3443e702d2681f4b39ce3", size = 339381, upload-time = "2026-03-18T19:04:54.616Z" },
    { url = "https://files.pythonhosted.org/packages/16/92/d1e32e3e0d894fe00b15ce28ad4944ab692713f2e7f0a99787405e43533a/protobuf-6.33.6-cp39-abi3-manylinux2014_x86_64.whl", hash = "sha256:e9db7e292e0ab79dd108d7f1a94fe31601ce1ee3f7b79e0692043423020b0593", size = 323436, upload-time = "2026-03-18T19:04:55.768Z" },
    { url = "https://files.pythonhosted.org/packages/0c/bd/88a687e9147329fc7e6c26a058fc52214c47190688a496bb283000a4d2a3/protobuf-6.33.6-cp39-cp39-win32.whl", hash = "sha256:bd56799fb262994b2c2faa1799693c95cc2e22c62f56fb43af311cae45d26f0e", size = 425861, upload-time = "2026-03-18T19:04:57.064Z" },
    { url = "https://files.pythonhosted.org/packages/84/d6/fab384eea064bfc3b273183e4e09bb3a3cf4ec83876b3828c09fcacbb651/protobuf-6.33.6-cp39-cp39-win_amd64.whl", hash = "sha256:f443a394af5ed23672bc6c486be138628fbe5c651ccbc536873d7da23d1868cf", size = 437109, upload-time = "2026-03-18T19:04:58.713Z" },
    { url = "https://files.pythonhosted.org/packages/c4/72/02445137af02769918a93807b2b7890047c32bfb9f90371cbc12688819eb/protobuf-6.33.6-py3-none-any.whl", hash = "sha256:77179e006c476e69bf8e8ce866640091ec42e1beb80b213c3900006ecfba6901", size = 170656, upload-time = "2026-03-18T19:04:59.826Z" },
]

[[package]]
name = "protobuf"
version = "7.34.1"
source = { registry = "https://pypi.org/simple" }
resolution-markers = [
    "python_full_version >= '3.10'",
]
sdist = { url = "https://files.pythonhosted.org/packages/6b/6b/a0e95cad1ad7cc3f2c6821fcab91671bd5b78bd42afb357bb4765f29bc41/protobuf-7.34.1.tar.gz", hash = "sha256:9ce42245e704cc5027be797c1db1eb93184d44d1cdd71811fb2d9b25ad541280", size = 454708, upload-time = "2026-03-20T17:34:47.036Z" }
wheels = [
    { url = "https://files.pythonhosted.org/packages/ec/11/3325d41e6ee15bf1125654301211247b042563bcc898784351252549a8ad/protobuf-7.34.1-cp310-abi3-macosx_10_9_universal2.whl", hash = "sha256:d8b2cc79c4d8f62b293ad9b11ec3aebce9af481fa73e64556969f7345ebf9fc7", size = 429247, upload-time = "2026-03-20T17:34:37.024Z" },
    { url = "https://files.pythonhosted.org/packages/eb/9d/aa69df2724ff63efa6f72307b483ce0827f4347cc6d6df24b59e26659fef/protobuf-7.34.1-cp310-abi3-manylinux2014_aarch64.whl", hash = "sha256:5185e0e948d07abe94bb76ec9b8416b604cfe5da6f871d67aad30cbf24c3110b", size = 325753, upload-time = "2026-03-20T17:34:38.751Z" },
    { url = "https://files.pythonhosted.org/packages/92/e8/d174c91fd48e50101943f042b09af9029064810b734e4160bbe282fa1caa/protobuf-7.34.1-cp310-abi3-manylinux2014_s390x.whl", hash = "sha256:403b093a6e28a960372b44e5eb081775c9b056e816a8029c61231743d63f881a", size = 340198, upload-time = "2026-03-20T17:34:39.871Z" },
    { url = "https://files.pythonhosted.org/packages/53/1b/3b431694a4dc6d37b9f653f0c64b0a0d9ec074ee810710c0c3da21d67ba7/protobuf-7.34.1-cp310-abi3-manylinux2014_x86_64.whl", hash = "sha256:8ff40ce8cd688f7265326b38d5a1bed9bfdf5e6723d49961432f83e21d5713e4", size = 324267, upload-time = "2026-03-20T17:34:41.1Z" },
    { url = "https://files.pythonhosted.org/packages/85/29/64de04a0ac142fb685fd09999bc3d337943fb386f3a0ec57f92fd8203f97/protobuf-7.34.1-cp310-abi3-win32.whl", hash = "sha256:34b84ce27680df7cca9f231043ada0daa55d0c44a2ddfaa58ec1d0d89d8bf60a", size = 426628, upload-time = "2026-03-20T17:34:42.536Z" },
    { url = "https://files.pythonhosted.org/packages/4d/87/cb5e585192a22b8bd457df5a2c16a75ea0db9674c3a0a39fc9347d84e075/protobuf-7.34.1-cp310-abi3-win_amd64.whl", hash = "sha256:e97b55646e6ce5cbb0954a8c28cd39a5869b59090dfaa7df4598a7fba869468c", size = 437901, upload-time = "2026-03-20T17:34:44.112Z" },
    { url = "https://files.pythonhosted.org/packages/88/95/608f665226bca68b736b79e457fded9a2a38c4f4379a4a7614303d9db3bc/protobuf-7.34.1-py3-none-any.whl", hash = "sha256:bb3812cd53aefea2b028ef42bd780f5b96407247f20c6ef7c679807e9d188f11", size = 170715, upload-time = "2026-03-20T17:34:45.384Z" },
]

[[package]]
name = "pydantic"
version = "2.13.3"
source = { registry = "https://pypi.org/simple" }
dependencies = [
    { name = "annotated-types" },
    { name = "pydantic-core" },
    { name = "typing-extensions" },
    { name = "typing-inspection" },
]
sdist = { url = "https://files.pythonhosted.org/packages/d9/e4/40d09941a2cebcb20609b86a559817d5b9291c49dd6f8c87e5feffbe703a/pydantic-2.13.3.tar.gz", hash = "sha256:af09e9d1d09f4e7fe37145c1f577e1d61ceb9a41924bf0094a36506285d0a84d", size = 844068, upload-time = "2026-04-20T14:46:43.632Z" }
wheels = [
    { url = "https://files.pythonhosted.org/packages/f3/0a/fd7d723f8f8153418fb40cf9c940e82004fce7e987026b08a68a36dd3fe7/pydantic-2.13.3-py3-none-any.whl", hash = "sha256:6db14ac8dfc9a1e57f87ea2c0de670c251240f43cb0c30a5130e9720dc612927", size = 471981, upload-time = "2026-04-20T14:46:41.402Z" },
]

[[package]]
name = "pydantic-core"
version = "2.46.3"
source = { registry = "https://pypi.org/simple" }
dependencies = [
    { name = "typing-extensions" },
]
sdist = { url = "https://files.pythonhosted.org/packages/2a/ef/f7abb56c49382a246fd2ce9c799691e3c3e7175ec74b14d99e798bcddb1a/pydantic_core-2.46.3.tar.gz", hash = "sha256:41c178f65b8c29807239d47e6050262eb6bf84eb695e41101e62e38df4a5bc2c", size = 471412, upload-time = "2026-04-20T14:40:56.672Z" }
wheels = [
    { url = "https://files.pythonhosted.org/packages/22/98/b50eb9a411e87483b5c65dba4fa430a06bac4234d3403a40e5a9905ebcd0/pydantic_core-2.46.3-cp310-cp310-macosx_10_12_x86_64.whl", hash = "sha256:1da3786b8018e60349680720158cc19161cc3b4bdd815beb0a321cd5ce1ad5b1", size = 2108971, upload-time = "2026-04-20T14:43:51.945Z" },
    { url = "https://files.pythonhosted.org/packages/08/4b/f364b9d161718ff2217160a4b5d41ce38de60aed91c3689ebffa1c939d23/pydantic_core-2.46.3-cp310-cp310-macosx_11_0_arm64.whl", hash = "sha256:cc0988cb29d21bf4a9d5cf2ef970b5c0e38d8d8e107a493278c05dc6c1dda69f", size = 1949588, upload-time = "2026-04-20T14:44:10.386Z" },
    { url = "https://files.pythonhosted.org/packages/8f/8b/30bd03ee83b2f5e29f5ba8e647ab3c456bf56f2ec72fdbcc0215484a0854/pydantic_core-2.46.3-cp310-cp310-manylinux_2_17_aarch64.manylinux2014_aarch64.whl", hash = "sha256:27f9067c3bfadd04c55484b89c0d267981b2f3512850f6f66e1e74204a4e4ce3", size = 1975986, upload-time = "2026-04-20T14:43:57.106Z" },
    { url = "https://files.pythonhosted.org/packages/3c/54/13ccf954d84ec275d5d023d5786e4aa48840bc9f161f2838dc98e1153518/pydantic_core-2.46.3-cp310-cp310-manylinux_2_17_armv7l.manylinux2014_armv7l.whl", hash = "sha256:a642ac886ecf6402d9882d10c405dcf4b902abeb2972cd5fb4a48c83cd59279a", size = 2055830, upload-time = "2026-04-20T14:44:15.499Z" },
    { url = "https://files.pythonhosted.org/packages/be/0e/65f38125e660fdbd72aa858e7dfae893645cfa0e7b13d333e174a367cd23/pydantic_core-2.46.3-cp310-cp310-manylinux_2_17_ppc64le.manylinux2014_ppc64le.whl", hash = "sha256:79f561438481f28681584b89e2effb22855e2179880314bcddbf5968e935e807", size = 2222340, upload-time = "2026-04-20T14:41:51.353Z" },
    { url = "https://files.pythonhosted.org/packages/d1/88/f3ab7739efe0e7e80777dbb84c59eb98518e3f57ea433206194c2e425272/pydantic_core-2.46.3-cp310-cp310-manylinux_2_17_s390x.manylinux2014_s390x.whl", hash = "sha256:57a973eae4665352a47cf1a99b4ee864620f2fe663a217d7a8da68a1f3a5bfda", size = 2280727, upload-time = "2026-04-20T14:41:30.461Z" },
    { url = "https://files.pythonhosted.org/packages/2a/6d/c228219080817bec4982f9531cadb18da6aaa770fdeb114f49c237ac2c9f/pydantic_core-2.46.3-cp310-cp310-manylinux_2_17_x86_64.manylinux2014_x86_64.whl", hash = "sha256:83d002b97072a53ea150d63e0a3adfae5670cef5aa8a6e490240e482d3b22e57", size = 2092158, upload-time = "2026-04-20T14:44:07.305Z" },
    { url = "https://files.pythonhosted.org/packages/0f/b1/525a16711e7c6d61635fac3b0bd54600b5c5d9f60c6fc5aaab26b64a2297/pydantic_core-2.46.3-cp310-cp310-manylinux_2_31_riscv64.whl", hash = "sha256:b40ddd51e7c44b28cfaef746c9d3c506d658885e0a46f9eeef2ee815cbf8e045", size = 2116626, upload-time = "2026-04-20T14:42:34.118Z" },
    { url = "https://files.pythonhosted.org/packages/ef/7c/17d30673351439a6951bf54f564cf2443ab00ae264ec9df00e2efd710eb5/pydantic_core-2.46.3-cp310-cp310-manylinux_2_5_i686.manylinux1_i686.whl", hash = "sha256:ac5ec7fb9b87f04ee839af2d53bcadea57ded7d229719f56c0ed895bff987943", size = 2160691, upload-time = "2026-04-20T14:41:14.023Z" },
    { url = "https://files.pythonhosted.org/packages/86/66/af8adbcbc0886ead7f1a116606a534d75a307e71e6e08226000d51b880d2/pydantic_core-2.46.3-cp310-cp310-musllinux_1_1_aarch64.whl", hash = "sha256:a3b11c812f61b3129c4905781a2601dfdfdea5fe1e6c1cfb696b55d14e9c054f", size = 2182543, upload-time = "2026-04-20T14:40:48.886Z" },
    { url = "https://files.pythonhosted.org/packages/b0/37/6de71e0f54c54a4190010f57deb749e1ddf75c568ada3b1320b70067f121/pydantic_core-2.46.3-cp310-cp310-musllinux_1_1_armv7l.whl", hash = "sha256:1108da631e602e5b3c38d6d04fe5bb3bfa54349e6918e3ca6cf570b2e2b2f9d4", size = 2324513, upload-time = "2026-04-20T14:42:36.121Z" },
    { url = "https://files.pythonhosted.org/packages/51/b1/9fc74ce94f603d5ef59ff258ca9c2c8fb902fb548d340a96f77f4d1c3b7f/pydantic_core-2.46.3-cp310-cp310-musllinux_1_1_x86_64.whl", hash = "sha256:de885175515bcfa98ae618c1df7a072f13d179f81376c8007112af20567fd08a", size = 2361853, upload-time = "2026-04-20T14:43:24.886Z" },
    { url = "https://files.pythonhosted.org/packages/40/d0/4c652fc592db35f100279ee751d5a145aca1b9a7984b9684ba7c1b5b0535/pydantic_core-2.46.3-cp310-cp310-win32.whl", hash = "sha256:d11058e3201527d41bc6b545c79187c9e4bf85e15a236a6007f0e991518882b7", size = 1980465, upload-time = "2026-04-20T14:44:46.239Z" },
    { url = "https://files.pythonhosted.org/packages/27/b8/a920453c38afbe1f355e1ea0b0d94a0a3e0b0879d32d793108755fa171d5/pydantic_core-2.46.3-cp310-cp310-win_amd64.whl", hash = "sha256:3612edf65c8ea67ac13616c4d23af12faef1ae435a8a93e5934c2a0cbbdd1fd6", size = 2073884, upload-time = "2026-04-20T14:43:01.201Z" },
    { url = "https://files.pythonhosted.org/packages/22/a2/1ba90a83e85a3f94c796b184f3efde9c72f2830dcda493eea8d59ba78e6d/pydantic_core-2.46.3-cp311-cp311-macosx_10_12_x86_64.whl", hash = "sha256:ab124d49d0459b2373ecf54118a45c28a1e6d4192a533fbc915e70f556feb8e5", size = 2106740, upload-time = "2026-04-20T14:41:20.932Z" },
    { url = "https://files.pythonhosted.org/packages/b6/f6/99ae893c89a0b9d3daec9f95487aa676709aa83f67643b3f0abaf4ab628a/pydantic_core-2.46.3-cp311-cp311-macosx_11_0_arm64.whl", hash = "sha256:cca67d52a5c7a16aed2b3999e719c4bcf644074eac304a5d3d62dd70ae7d4b2c", size = 1948293, upload-time = "2026-04-20T14:43:42.115Z" },
    { url = "https://files.pythonhosted.org/packages/3e/b8/2e8e636dc9e3f16c2e16bf0849e24be82c5ee82c603c65fc0326666328fc/pydantic_core-2.46.3-cp311-cp311-manylinux_2_17_aarch64.manylinux2014_aarch64.whl", hash = "sha256:5c024e08c0ba23e6fd68c771a521e9d6a792f2ebb0fa734296b36394dc30390e", size = 1973222, upload-time = "2026-04-20T14:41:57.841Z" },
    { url = "https://files.pythonhosted.org/packages/34/36/0e730beec4d83c5306f417afbd82ff237d9a21e83c5edf675f31ed84c1fe/pydantic_core-2.46.3-cp311-cp311-manylinux_2_17_armv7l.manylinux2014_armv7l.whl", hash = "sha256:6645ce7eec4928e29a1e3b3d5c946621d105d3e79f0c9cddf07c2a9770949287", size = 2053852, upload-time = "2026-04-20T14:40:43.077Z" },
    { url = "https://files.pythonhosted.org/packages/4b/f0/3071131f47e39136a17814576e0fada9168569f7f8c0e6ac4d1ede6a4958/pydantic_core-2.46.3-cp311-cp311-manylinux_2_17_ppc64le.manylinux2014_ppc64le.whl", hash = "sha256:a712c7118e6c5ea96562f7b488435172abb94a3c53c22c9efc1412264a45cbbe", size = 2221134, upload-time = "2026-04-20T14:43:03.349Z" },
    { url = "https://files.pythonhosted.org/packages/2f/a9/a2dc023eec5aa4b02a467874bad32e2446957d2adcab14e107eab502e978/pydantic_core-2.46.3-cp311-cp311-manylinux_2_17_s390x.manylinux2014_s390x.whl", hash = "sha256:69a868ef3ff206343579021c40faf3b1edc64b1cc508ff243a28b0a514ccb050", size = 2279785, upload-time = "2026-04-20T14:41:19.285Z" },
    { url = "https://files.pythonhosted.org/packages/0a/44/93f489d16fb63fbd41c670441536541f6e8cfa1e5a69f40bc9c5d30d8c90/pydantic_core-2.46.3-cp311-cp311-manylinux_2_17_x86_64.manylinux2014_x86_64.whl", hash = "sha256:cc7e8c32db809aa0f6ea1d6869ebc8518a65d5150fdfad8bcae6a49ae32a22e2", size = 2089404, upload-time = "2026-04-20T14:43:10.108Z" },
    { url = "https://files.pythonhosted.org/packages/2a/78/8692e3aa72b2d004f7a5d937f1dfdc8552ba26caf0bec75f342c40f00dec/pydantic_core-2.46.3-cp311-cp311-manylinux_2_31_riscv64.whl", hash = "sha256:3481bd1341dc85779ee506bc8e1196a277ace359d89d28588a9468c3ecbe63fa", size = 2114898, upload-time = "2026-04-20T14:44:51.475Z" },
    { url = "https://files.pythonhosted.org/packages/6a/62/e83133f2e7832532060175cebf1f13748f4c7e7e7165cdd1f611f174494b/pydantic_core-2.46.3-cp311-cp311-manylinux_2_5_i686.manylinux1_i686.whl", hash = "sha256:8690eba565c6d68ffd3a8655525cbdd5246510b44a637ee2c6c03a7ebfe64d3c", size = 2157856, upload-time = "2026-04-20T14:43:46.64Z" },
    { url = "https://files.pythonhosted.org/packages/6d/ec/6a500e3ad7718ee50583fae79c8651f5d37e3abce1fa9ae177ae65842c53/pydantic_core-2.46.3-cp311-cp311-musllinux_1_1_aarch64.whl", hash = "sha256:4de88889d7e88d50d40ee5b39d5dac0bcaef9ba91f7e536ac064e6b2834ecccf", size = 2180168, upload-time = "2026-04-20T14:42:00.302Z" },
    { url = "https://files.pythonhosted.org/packages/d8/53/8267811054b1aa7fc1dc7ded93812372ef79a839f5e23558136a6afbfde1/pydantic_core-2.46.3-cp311-cp311-musllinux_1_1_armv7l.whl", hash = "sha256:e480080975c1ef7f780b8f99ed72337e7cc5efea2e518a20a692e8e7b278eb8b", size = 2322885, upload-time = "2026-04-20T14:41:05.253Z" },
    { url = "https://files.pythonhosted.org/packages/c8/c1/1c0acdb3aa0856ddc4ecc55214578f896f2de16f400cf51627eb3c26c1c4/pydantic_core-2.46.3-cp311-cp311-musllinux_1_1_x86_64.whl", hash = "sha256:de3a5c376f8cd94da9a1b8fd3dd1c16c7a7b216ed31dc8ce9fd7a22bf13b836e", size = 2360328, upload-time = "2026-04-20T14:41:43.991Z" },
    { url = "https://files.pythonhosted.org/packages/f0/d0/ef39cd0f4a926814f360e71c1adeab48ad214d9727e4deb48eedfb5bce1a/pydantic_core-2.46.3-cp311-cp311-win32.whl", hash = "sha256:fc331a5314ffddd5385b9ee9d0d2fee0b13c27e0e02dad71b1ae5d6561f51eeb", size = 1979464, upload-time = "2026-04-20T14:43:12.215Z" },
    { url = "https://files.pythonhosted.org/packages/18/9c/f41951b0d858e343f1cf09398b2a7b3014013799744f2c4a8ad6a3eec4f2/pydantic_core-2.46.3-cp311-cp311-win_amd64.whl", hash = "sha256:b5b9c6cf08a8a5e502698f5e153056d12c34b8fb30317e0c5fd06f45162a6346", size = 2070837, upload-time = "2026-04-20T14:41:47.707Z" },
    { url = "https://files.pythonhosted.org/packages/9f/1e/264a17cd582f6ed50950d4d03dd5fefd84e570e238afe1cb3e25cf238769/pydantic_core-2.46.3-cp311-cp311-win_arm64.whl", hash = "sha256:5dfd51cf457482f04ec49491811a2b8fd5b843b64b11eecd2d7a1ee596ea78a6", size = 2053647, upload-time = "2026-04-20T14:42:27.535Z" },
    { url = "https://files.pythonhosted.org/packages/4b/cb/5b47425556ecc1f3fe18ed2a0083188aa46e1dd812b06e406475b3a5d536/pydantic_core-2.46.3-cp312-cp312-macosx_10_12_x86_64.whl", hash = "sha256:b11b59b3eee90a80a36701ddb4576d9ae31f93f05cb9e277ceaa09e6bf074a67", size = 2101946, upload-time = "2026-04-20T14:40:52.581Z" },
    { url = "https://files.pythonhosted.org/packages/a1/4f/2fb62c2267cae99b815bbf4a7b9283812c88ca3153ef29f7707200f1d4e5/pydantic_core-2.46.3-cp312-cp312-macosx_11_0_arm64.whl", hash = "sha256:af8653713055ea18a3abc1537fe2ebc42f5b0bbb768d1eb79fd74eb47c0ac089", size = 1951612, upload-time = "2026-04-20T14:42:42.996Z" },
    { url = "https://files.pythonhosted.org/packages/50/6e/b7348fd30d6556d132cddd5bd79f37f96f2601fe0608afac4f5fb01ec0b3/pydantic_core-2.46.3-cp312-cp312-manylinux_2_17_aarch64.manylinux2014_aarch64.whl", hash = "sha256:75a519dab6d63c514f3a81053e5266c549679e4aa88f6ec57f2b7b854aceb1b0", size = 1977027, upload-time = "2026-04-20T14:42:02.001Z" },
    { url = "https://files.pythonhosted.org/packages/82/11/31d60ee2b45540d3fb0b29302a393dbc01cd771c473f5b5147bcd353e593/pydantic_core-2.46.3-cp312-cp312-manylinux_2_17_armv7l.manylinux2014_armv7l.whl", hash = "sha256:a6cd87cb1575b1ad05ba98894c5b5c96411ef678fa2f6ed2576607095b8d9789", size = 2063008, upload-time = "2026-04-20T14:44:17.952Z" },
    { url = "https://files.pythonhosted.org/packages/8a/db/3a9d1957181b59258f44a2300ab0f0be9d1e12d662a4f57bb31250455c52/pydantic_core-2.46.3-cp312-cp312-manylinux_2_17_ppc64le.manylinux2014_ppc64le.whl", hash = "sha256:f80a55484b8d843c8ada81ebf70a682f3f00a3d40e378c06cf17ecb44d280d7d", size = 2233082, upload-time = "2026-04-20T14:40:57.934Z" },
    { url = "https://files.pythonhosted.org/packages/9c/e1/3277c38792aeb5cfb18c2f0c5785a221d9ff4e149abbe1184d53d5f72273/pydantic_core-2.46.3-cp312-cp312-manylinux_2_17_s390x.manylinux2014_s390x.whl", hash = "sha256:3861f1731b90c50a3266316b9044f5c9b405eecb8e299b0a7120596334e4fe9c", size = 2304615, upload-time = "2026-04-20T14:42:12.584Z" },
    { url = "https://files.pythonhosted.org/packages/5e/d5/e3d9717c9eba10855325650afd2a9cba8e607321697f18953af9d562da2f/pydantic_core-2.46.3-cp312-cp312-manylinux_2_17_x86_64.manylinux2014_x86_64.whl", hash = "sha256:fb528e295ed31570ac3dcc9bfdd6e0150bc11ce6168ac87a8082055cf1a67395", size = 2094380, upload-time = "2026-04-20T14:43:05.522Z" },
    { url = "https://files.pythonhosted.org/packages/a1/20/abac35dedcbfd66c6f0b03e4e3564511771d6c9b7ede10a362d03e110d9b/pydantic_core-2.46.3-cp312-cp312-manylinux_2_31_riscv64.whl", hash = "sha256:367508faa4973b992b271ba1494acaab36eb7e8739d1e47be5035fb1ea225396", size = 2135429, upload-time = "2026-04-20T14:41:55.549Z" },
    { url = "https://files.pythonhosted.org/packages/6c/a5/41bfd1df69afad71b5cf0535055bccc73022715ad362edbc124bc1e021d7/pydantic_core-2.46.3-cp312-cp312-manylinux_2_5_i686.manylinux1_i686.whl", hash = "sha256:5ad3c826fe523e4becf4fe39baa44286cff85ef137c729a2c5e269afbfd0905d", size = 2174582, upload-time = "2026-04-20T14:41:45.96Z" },
    { url = "https://files.pythonhosted.org/packages/79/65/38d86ea056b29b2b10734eb23329b7a7672ca604df4f2b6e9c02d4ee22fe/pydantic_core-2.46.3-cp312-cp312-musllinux_1_1_aarch64.whl", hash = "sha256:ec638c5d194ef8af27db69f16c954a09797c0dc25015ad6123eb2c73a4d271ca", size = 2187533, upload-time = "2026-04-20T14:40:55.367Z" },
    { url = "https://files.pythonhosted.org/packages/b6/55/a1129141678a2026badc539ad1dee0a71d06f54c2f06a4bd68c030ac781b/pydantic_core-2.46.3-cp312-cp312-musllinux_1_1_armv7l.whl", hash = "sha256:28ed528c45446062ee66edb1d33df5d88828ae167de76e773a3c7f64bd14e976", size = 2332985, upload-time = "2026-04-20T14:44:13.05Z" },
    { url = "https://files.pythonhosted.org/packages/d7/60/cb26f4077719f709e54819f4e8e1d43f4091f94e285eb6bd21e1190a7b7c/pydantic_core-2.46.3-cp312-cp312-musllinux_1_1_x86_64.whl", hash = "sha256:aed19d0c783886d5bd86d80ae5030006b45e28464218747dcf83dabfdd092c7b", size = 2373670, upload-time = "2026-04-20T14:41:53.421Z" },
    { url = "https://files.pythonhosted.org/packages/6b/7e/c3f21882bdf1d8d086876f81b5e296206c69c6082551d776895de7801fa0/pydantic_core-2.46.3-cp312-cp312-win32.whl", hash = "sha256:06d5d8820cbbdb4147578c1fe7ffcd5b83f34508cb9f9ab76e807be7db6ff0a4", size = 1966722, upload-time = "2026-04-20T14:44:30.588Z" },
    { url = "https://files.pythonhosted.org/packages/57/be/6b5e757b859013ebfbd7adba02f23b428f37c86dcbf78b5bb0b4ffd36e99/pydantic_core-2.46.3-cp312-cp312-win_amd64.whl", hash = "sha256:c3212fda0ee959c1dd04c60b601ec31097aaa893573a3a1abd0a47bcac2968c1", size = 2072970, upload-time = "2026-04-20T14:42:54.248Z" },
    { url = "https://files.pythonhosted.org/packages/bf/f8/a989b21cc75e9a32d24192ef700eea606521221a89faa40c919ce884f2b1/pydantic_core-2.46.3-cp312-cp312-win_arm64.whl", hash = "sha256:f1f8338dd7a7f31761f1f1a3c47503a9a3b34eea3c8b01fa6ee96408affb5e72", size = 2035963, upload-time = "2026-04-20T14:44:20.4Z" },
    { url = "https://files.pythonhosted.org/packages/9b/3c/9b5e8eb9821936d065439c3b0fb1490ffa64163bfe7e1595985a47896073/pydantic_core-2.46.3-cp313-cp313-macosx_10_12_x86_64.whl", hash = "sha256:12bc98de041458b80c86c56b24df1d23832f3e166cbaff011f25d187f5c62c37", size = 2102109, upload-time = "2026-04-20T14:41:24.219Z" },
    { url = "https://files.pythonhosted.org/packages/91/97/1c41d1f5a19f241d8069f1e249853bcce378cdb76eec8ab636d7bc426280/pydantic_core-2.46.3-cp313-cp313-macosx_11_0_arm64.whl", hash = "sha256:85348b8f89d2c3508b65b16c3c33a4da22b8215138d8b996912bb1532868885f", size = 1951820, upload-time = "2026-04-20T14:42:14.236Z" },
    { url = "https://files.pythonhosted.org/packages/30/b4/d03a7ae14571bc2b6b3c7b122441154720619afe9a336fa3a95434df5e2f/pydantic_core-2.46.3-cp313-cp313-manylinux_2_17_aarch64.manylinux2014_aarch64.whl", hash = "sha256:1105677a6df914b1fb71a81b96c8cce7726857e1717d86001f29be06a25ee6f8", size = 1977785, upload-time = "2026-04-20T14:42:31.648Z" },
    { url = "https://files.pythonhosted.org/packages/ae/0c/4086f808834b59e3c8f1aa26df8f4b6d998cdcf354a143d18ef41529d1fe/pydantic_core-2.46.3-cp313-cp313-manylinux_2_17_armv7l.manylinux2014_armv7l.whl", hash = "sha256:87082cd65669a33adeba5470769e9704c7cf026cc30afb9cc77fd865578ebaad", size = 2062761, upload-time = "2026-04-20T14:40:37.093Z" },
    { url = "https://files.pythonhosted.org/packages/fa/71/a649be5a5064c2df0db06e0a512c2281134ed2fcc981f52a657936a7527c/pydantic_core-2.46.3-cp313-cp313-manylinux_2_17_ppc64le.manylinux2014_ppc64le.whl", hash = "sha256:60e5f66e12c4f5212d08522963380eaaeac5ebd795826cfd19b2dfb0c7a52b9c", size = 2232989, upload-time = "2026-04-20T14:42:59.254Z" },
    { url = "https://files.pythonhosted.org/packages/a2/84/7756e75763e810b3a710f4724441d1ecc5883b94aacb07ca71c5fb5cfb69/pydantic_core-2.46.3-cp313-cp313-manylinux_2_17_s390x.manylinux2014_s390x.whl", hash = "sha256:b6cdf19bf84128d5e7c37e8a73a0c5c10d51103a650ac585d42dd6ae233f2b7f", size = 2303975, upload-time = "2026-04-20T14:41:32.287Z" },
    { url = "https://files.pythonhosted.org/packages/6c/35/68a762e0c1e31f35fa0dac733cbd9f5b118042853698de9509c8e5bf128b/pydantic_core-2.46.3-cp313-cp313-manylinux_2_17_x86_64.manylinux2014_x86_64.whl", hash = "sha256:031bb17f4885a43773c8c763089499f242aee2ea85cf17154168775dccdecf35", size = 2095325, upload-time = "2026-04-20T14:42:47.685Z" },
    { url = "https://files.pythonhosted.org/packages/77/bf/1bf8c9a8e91836c926eae5e3e51dce009bf495a60ca56060689d3df3f340/pydantic_core-2.46.3-cp313-cp313-manylinux_2_31_riscv64.whl", hash = "sha256:bcf2a8b2982a6673693eae7348ef3d8cf3979c1d63b54fca7c397a635cc68687", size = 2133368, upload-time = "2026-04-20T14:41:22.766Z" },
    { url = "https://files.pythonhosted.org/packages/e5/50/87d818d6bab915984995157ceb2380f5aac4e563dddbed6b56f0ed057aba/pydantic_core-2.46.3-cp313-cp313-manylinux_2_5_i686.manylinux1_i686.whl", hash = "sha256:28e8cf2f52d72ced402a137145923a762cbb5081e48b34312f7a0c8f55928ec3", size = 2173908, upload-time = "2026-04-20T14:42:52.044Z" },
    { url = "https://files.pythonhosted.org/packages/91/88/a311fb306d0bd6185db41fa14ae888fb81d0baf648a761ae760d30819d33/pydantic_core-2.46.3-cp313-cp313-musllinux_1_1_aarch64.whl", hash = "sha256:17eaface65d9fc5abb940003020309c1bf7a211f5f608d7870297c367e6f9022", size = 2186422, upload-time = "2026-04-20T14:43:29.55Z" },
    { url = "https://files.pythonhosted.org/packages/8f/79/28fd0d81508525ab2054fef7c77a638c8b5b0afcbbaeee493cf7c3fef7e1/pydantic_core-2.46.3-cp313-cp313-musllinux_1_1_armv7l.whl", hash = "sha256:93fd339f23408a07e98950a89644f92c54d8729719a40b30c0a30bb9ebc55d23", size = 2332709, upload-time = "2026-04-20T14:42:16.134Z" },
    { url = "https://files.pythonhosted.org/packages/b3/21/795bf5fe5c0f379308b8ef19c50dedab2e7711dbc8d0c2acf08f1c7daa05/pydantic_core-2.46.3-cp313-cp313-musllinux_1_1_x86_64.whl", hash = "sha256:23cbdb3aaa74dfe0837975dbf69b469753bbde8eacace524519ffdb6b6e89eb7", size = 2372428, upload-time = "2026-04-20T14:41:10.974Z" },
    { url = "https://files.pythonhosted.org/packages/45/b3/ed14c659cbe7605e3ef063077680a64680aec81eb1a04763a05190d49b7f/pydantic_core-2.46.3-cp313-cp313-win32.whl", hash = "sha256:610eda2e3838f401105e6326ca304f5da1e15393ae25dacae5c5c63f2c275b13", size = 1965601, upload-time = "2026-04-20T14:41:42.128Z" },
    { url = "https://files.pythonhosted.org/packages/ef/bb/adb70d9a762ddd002d723fbf1bd492244d37da41e3af7b74ad212609027e/pydantic_core-2.46.3-cp313-cp313-win_amd64.whl", hash = "sha256:68cc7866ed863db34351294187f9b729964c371ba33e31c26f478471c52e1ed0", size = 2071517, upload-time = "2026-04-20T14:43:36.096Z" },
    { url = "https://files.pythonhosted.org/packages/52/eb/66faefabebfe68bd7788339c9c9127231e680b11906368c67ce112fdb47f/pydantic_core-2.46.3-cp313-cp313-win_arm64.whl", hash = "sha256:f64b5537ac62b231572879cd08ec05600308636a5d63bcbdb15063a466977bec", size = 2035802, upload-time = "2026-04-20T14:43:38.507Z" },
    { url = "https://files.pythonhosted.org/packages/7f/db/a7bcb4940183fda36022cd18ba8dd12f2dff40740ec7b58ce7457befa416/pydantic_core-2.46.3-cp314-cp314-macosx_10_12_x86_64.whl", hash = "sha256:afa3aa644f74e290cdede48a7b0bee37d1c35e71b05105f6b340d484af536d9b", size = 2097614, upload-time = "2026-04-20T14:44:38.374Z" },
    { url = "https://files.pythonhosted.org/packages/24/35/e4066358a22e3e99519db370494c7528f5a2aa1367370e80e27e20283543/pydantic_core-2.46.3-cp314-cp314-macosx_11_0_arm64.whl", hash = "sha256:ced3310e51aa425f7f77da8bbbb5212616655bedbe82c70944320bc1dbe5e018", size = 1951896, upload-time = "2026-04-20T14:40:53.996Z" },
    { url = "https://files.pythonhosted.org/packages/87/92/37cf4049d1636996e4b888c05a501f40a43ff218983a551d57f9d5e14f0d/pydantic_core-2.46.3-cp314-cp314-manylinux_2_17_aarch64.manylinux2014_aarch64.whl", hash = "sha256:e29908922ce9da1a30b4da490bd1d3d82c01dcfdf864d2a74aacee674d0bfa34", size = 1979314, upload-time = "2026-04-20T14:41:49.446Z" },
    { url = "https://files.pythonhosted.org/packages/d8/36/9ff4d676dfbdfb2d591cf43f3d90ded01e15b1404fd101180ed2d62a2fd3/pydantic_core-2.46.3-cp314-cp314-manylinux_2_17_armv7l.manylinux2014_armv7l.whl", hash = "sha256:0c9ff69140423eea8ed2d5477df3ba037f671f5e897d206d921bc9fdc39613e7", size = 2056133, upload-time = "2026-04-20T14:42:23.574Z" },
    { url = "https://files.pythonhosted.org/packages/bc/f0/405b442a4d7ba855b06eec8b2bf9c617d43b8432d099dfdc7bf999293495/pydantic_core-2.46.3-cp314-cp314-manylinux_2_17_ppc64le.manylinux2014_ppc64le.whl", hash = "sha256:b675ab0a0d5b1c8fdb81195dc5bcefea3f3c240871cdd7ff9a2de8aa50772eb2", size = 2228726, upload-time = "2026-04-20T14:44:22.816Z" },
    { url = "https://files.pythonhosted.org/packages/e7/f8/65cd92dd5a0bd89ba277a98ecbfaf6fc36bbd3300973c7a4b826d6ab1391/pydantic_core-2.46.3-cp314-cp314-manylinux_2_17_s390x.manylinux2014_s390x.whl", hash = "sha256:0087084960f209a9a4af50ecd1fb063d9ad3658c07bb81a7a53f452dacbfb2ba", size = 2301214, upload-time = "2026-04-20T14:44:48.792Z" },
    { url = "https://files.pythonhosted.org/packages/fd/86/ef96a4c6e79e7a2d0410826a68fbc0eccc0fd44aa733be199d5fcac3bb87/pydantic_core-2.46.3-cp314-cp314-manylinux_2_17_x86_64.manylinux2014_x86_64.whl", hash = "sha256:ed42e6cc8e1b0e2b9b96e2276bad70ae625d10d6d524aed0c93de974ae029f9f", size = 2099927, upload-time = "2026-04-20T14:41:40.196Z" },
    { url = "https://files.pythonhosted.org/packages/6d/53/269caf30e0096e0a8a8f929d1982a27b3879872cca2d917d17c2f9fdf4fe/pydantic_core-2.46.3-cp314-cp314-manylinux_2_31_riscv64.whl", hash = "sha256:f1771ce258afb3e4201e67d154edbbae712a76a6081079fe247c2f53c6322c22", size = 2128789, upload-time = "2026-04-20T14:41:15.868Z" },
    { url = "https://files.pythonhosted.org/packages/00/b0/1a6d9b6a587e118482910c244a1c5acf4d192604174132efd12bf0ac486f/pydantic_core-2.46.3-cp314-cp314-manylinux_2_5_i686.manylinux1_i686.whl", hash = "sha256:a7610b6a5242a6c736d8ad47fd5fff87fcfe8f833b281b1c409c3d6835d9227f", size = 2173815, upload-time = "2026-04-20T14:44:25.152Z" },
    { url = "https://files.pythonhosted.org/packages/87/56/e7e00d4041a7e62b5a40815590114db3b535bf3ca0bf4dca9f16cef25246/pydantic_core-2.46.3-cp314-cp314-musllinux_1_1_aarch64.whl", hash = "sha256:ff5e7783bcc5476e1db448bf268f11cb257b1c276d3e89f00b5727be86dd0127", size = 2181608, upload-time = "2026-04-20T14:41:28.933Z" },
    { url = "https://files.pythonhosted.org/packages/e8/22/4bd23c3d41f7c185d60808a1de83c76cf5aeabf792f6c636a55c3b1ec7f9/pydantic_core-2.46.3-cp314-cp314-musllinux_1_1_armv7l.whl", hash = "sha256:9d2e32edcc143bc01e95300671915d9ca052d4f745aa0a49c48d4803f8a85f2c", size = 2326968, upload-time = "2026-04-20T14:42:03.962Z" },
    { url = "https://files.pythonhosted.org/packages/24/ac/66cd45129e3915e5ade3b292cb3bc7fd537f58f8f8dbdaba6170f7cabb74/pydantic_core-2.46.3-cp314-cp314-musllinux_1_1_x86_64.whl", hash = "sha256:6e42d83d1c6b87fa56b521479cff237e626a292f3b31b6345c15a99121b454c1", size = 2369842, upload-time = "2026-04-20T14:41:35.52Z" },
    { url = "https://files.pythonhosted.org/packages/a2/51/dd4248abb84113615473aa20d5545b7c4cd73c8644003b5259686f93996c/pydantic_core-2.46.3-cp314-cp314-win32.whl", hash = "sha256:07bc6d2a28c3adb4f7c6ae46aa4f2d2929af127f587ed44057af50bf1ce0f505", size = 1959661, upload-time = "2026-04-20T14:41:00.042Z" },
    { url = "https://files.pythonhosted.org/packages/20/eb/59980e5f1ae54a3b86372bd9f0fa373ea2d402e8cdcd3459334430f91e91/pydantic_core-2.46.3-cp314-cp314-win_amd64.whl", hash = "sha256:8940562319bc621da30714617e6a7eaa6b98c84e8c685bcdc02d7ed5e7c7c44e", size = 2071686, upload-time = "2026-04-20T14:43:16.471Z" },
    { url = "https://files.pythonhosted.org/packages/8c/db/1cf77e5247047dfee34bc01fa9bca134854f528c8eb053e144298893d370/pydantic_core-2.46.3-cp314-cp314-win_arm64.whl", hash = "sha256:5dcbbcf4d22210ced8f837c96db941bdb078f419543472aca5d9a0bb7cddc7df", size = 2026907, upload-time = "2026-04-20T14:43:31.732Z" },
    { url = "https://files.pythonhosted.org/packages/57/c0/b3df9f6a543276eadba0a48487b082ca1f201745329d97dbfa287034a230/pydantic_core-2.46.3-cp314-cp314t-macosx_10_12_x86_64.whl", hash = "sha256:d0fe3dce1e836e418f912c1ad91c73357d03e556a4d286f441bf34fed2dbeecf", size = 2095047, upload-time = "2026-04-20T14:42:37.982Z" },
    { url = "https://files.pythonhosted.org/packages/66/57/886a938073b97556c168fd99e1a7305bb363cd30a6d2c76086bf0587b32a/pydantic_core-2.46.3-cp314-cp314t-macosx_11_0_arm64.whl", hash = "sha256:9ce92e58abc722dac1bf835a6798a60b294e48eb0e625ec9fd994b932ac5feee", size = 1934329, upload-time = "2026-04-20T14:43:49.655Z" },
    { url = "https://files.pythonhosted.org/packages/0b/7c/b42eaa5c34b13b07ecb51da21761297a9b8eb43044c864a035999998f328/pydantic_core-2.46.3-cp314-cp314t-manylinux_2_17_aarch64.manylinux2014_aarch64.whl", hash = "sha256:a03e6467f0f5ab796a486146d1b887b2dc5e5f9b3288898c1b1c3ad974e53e4a", size = 1974847, upload-time = "2026-04-20T14:42:10.737Z" },
    { url = "https://files.pythonhosted.org/packages/e6/9b/92b42db6543e7de4f99ae977101a2967b63122d4b6cf7773812da2d7d5b5/pydantic_core-2.46.3-cp314-cp314t-manylinux_2_17_armv7l.manylinux2014_armv7l.whl", hash = "sha256:2798b6ba041b9d70acfb9071a2ea13c8456dd1e6a5555798e41ba7b0790e329c", size = 2041742, upload-time = "2026-04-20T14:40:44.262Z" },
    { url = "https://files.pythonhosted.org/packages/0f/19/46fbe1efabb5aa2834b43b9454e70f9a83ad9c338c1291e48bdc4fecf167/pydantic_core-2.46.3-cp314-cp314t-manylinux_2_17_ppc64le.manylinux2014_ppc64le.whl", hash = "sha256:9be3e221bdc6d69abf294dcf7aff6af19c31a5cdcc8f0aa3b14be29df4bd03b1", size = 2236235, upload-time = "2026-04-20T14:41:27.307Z" },
    { url = "https://files.pythonhosted.org/packages/77/da/b3f95bc009ad60ec53120f5d16c6faa8cabdbe8a20d83849a1f2b8728148/pydantic_core-2.46.3-cp314-cp314t-manylinux_2_17_s390x.manylinux2014_s390x.whl", hash = "sha256:f13936129ce841f2a5ddf6f126fea3c43cd128807b5a59588c37cf10178c2e64", size = 2282633, upload-time = "2026-04-20T14:44:33.271Z" },
    { url = "https://files.pythonhosted.org/packages/cc/6e/401336117722e28f32fb8220df676769d28ebdf08f2f4469646d404c43a3/pydantic_core-2.46.3-cp314-cp314t-manylinux_2_17_x86_64.manylinux2014_x86_64.whl", hash = "sha256:28b5f2ef03416facccb1c6ef744c69793175fd27e44ef15669201601cf423acb", size = 2109679, upload-time = "2026-04-20T14:44:41.065Z" },
    { url = "https://files.pythonhosted.org/packages/fc/53/b289f9bc8756a32fe718c46f55afaeaf8d489ee18d1a1e7be1db73f42cc4/pydantic_core-2.46.3-cp314-cp314t-manylinux_2_31_riscv64.whl", hash = "sha256:830d1247d77ad23852314f069e9d7ddafeec5f684baf9d7e7065ed46a049c4e6", size = 2108342, upload-time = "2026-04-20T14:42:50.144Z" },
    { url = "https://files.pythonhosted.org/packages/10/5b/8292fc7c1f9111f1b2b7c1b0dcf1179edcd014fc3ea4517499f50b829d71/pydantic_core-2.46.3-cp314-cp314t-manylinux_2_5_i686.manylinux1_i686.whl", hash = "sha256:d0793c90c1a3c74966e7975eaef3ed30ebdff3260a0f815a62a22adc17e4c01c", size = 2157208, upload-time = "2026-04-20T14:42:08.133Z" },
    { url = "https://files.pythonhosted.org/packages/2b/9e/f80044e9ec07580f057a89fc131f78dda7a58751ddf52bbe05eaf31db50f/pydantic_core-2.46.3-cp314-cp314t-musllinux_1_1_aarch64.whl", hash = "sha256:d2d0aead851b66f5245ec0c4fb2612ef457f8bbafefdf65a2bf9d6bac6140f47", size = 2167237, upload-time = "2026-04-20T14:42:25.412Z" },
    { url = "https://files.pythonhosted.org/packages/f8/84/6781a1b037f3b96be9227edbd1101f6d3946746056231bf4ac48cdff1a8d/pydantic_core-2.46.3-cp314-cp314t-musllinux_1_1_armv7l.whl", hash = "sha256:2f40e4246676beb31c5ce77c38a55ca4e465c6b38d11ea1bd935420568e0b1ab", size = 2312540, upload-time = "2026-04-20T14:40:40.313Z" },
    { url = "https://files.pythonhosted.org/packages/3e/db/19c0839feeb728e7df03255581f198dfdf1c2aeb1e174a8420b63c5252e5/pydantic_core-2.46.3-cp314-cp314t-musllinux_1_1_x86_64.whl", hash = "sha256:cf489cf8986c543939aeee17a09c04d6ffb43bfef8ca16fcbcc5cfdcbed24dba", size = 2369556, upload-time = "2026-04-20T14:41:09.427Z" },
    { url = "https://files.pythonhosted.org/packages/e0/15/3228774cb7cd45f5f721ddf1b2242747f4eb834d0c491f0c02d606f09fed/pydantic_core-2.46.3-cp314-cp314t-win32.whl", hash = "sha256:ffe0883b56cfc05798bf994164d2b2ff03efe2d22022a2bb080f3b626176dd56", size = 1949756, upload-time = "2026-04-20T14:41:25.717Z" },
    { url = "https://files.pythonhosted.org/packages/b8/2a/c79cf53fd91e5a87e30d481809f52f9a60dd221e39de66455cf04deaad37/pydantic_core-2.46.3-cp314-cp314t-win_amd64.whl", hash = "sha256:706d9d0ce9cf4593d07270d8e9f53b161f90c57d315aeec4fb4fd7a8b10240d8", size = 2051305, upload-time = "2026-04-20T14:43:18.627Z" },
    { url = "https://files.pythonhosted.org/packages/0b/db/d8182a7f1d9343a032265aae186eb063fe26ca4c40f256b21e8da4498e89/pydantic_core-2.46.3-cp314-cp314t-win_arm64.whl", hash = "sha256:77706aeb41df6a76568434701e0917da10692da28cb69d5fb6919ce5fdb07374", size = 2026310, upload-time = "2026-04-20T14:41:01.778Z" },
    { url = "https://files.pythonhosted.org/packages/31/75/c1ee7cb5b2277fe1f95837a58fb692eeda7162494fc1ddccb5f23be1d7f6/pydantic_core-2.46.3-cp39-cp39-macosx_10_12_x86_64.whl", hash = "sha256:fa3eb7c2995aa443687a825bc30395c8521b7c6ec201966e55debfd1128bcceb", size = 2112012, upload-time = "2026-04-20T14:44:35.697Z" },
    { url = "https://files.pythonhosted.org/packages/6b/da/fb883281703dc5f4d68cdc648c503c46c8af5726f428013178d657c75181/pydantic_core-2.46.3-cp39-cp39-macosx_11_0_arm64.whl", hash = "sha256:3d08782c4045f90724b44c95d35ebec0d67edb8a957a2ac81d5a8e4b8a200495", size = 1953006, upload-time = "2026-04-20T14:43:33.878Z" },
    { url = "https://files.pythonhosted.org/packages/92/47/5d7d7d04204920771086d768ca51306e34b63a31ad80a5f82c9d38dea568/pydantic_core-2.46.3-cp39-cp39-manylinux_2_17_aarch64.manylinux2014_aarch64.whl", hash = "sha256:831eb19aa789a97356979e94c981e5667759301fb708d1c0d5adf1bc0098b873", size = 1980050, upload-time = "2026-04-20T14:41:03.154Z" },
    { url = "https://files.pythonhosted.org/packages/e0/e9/1c52019dd95babcff1bffe40022e8541c0447b8e4a44596a979c7309fa0c/pydantic_core-2.46.3-cp39-cp39-manylinux_2_17_armv7l.manylinux2014_armv7l.whl", hash = "sha256:4335e87c7afa436a0dfa899e138d57a72f8aad542e2cf19c36fb428461caabd0", size = 2057165, upload-time = "2026-04-20T14:43:44.507Z" },
    { url = "https://files.pythonhosted.org/packages/6f/0e/e0aac1f35baf80ff8f35d4fa58d85dce248324a764d950460cf5c0569758/pydantic_core-2.46.3-cp39-cp39-manylinux_2_17_ppc64le.manylinux2014_ppc64le.whl", hash = "sha256:99421e7684a60f7f3550a1d159ade5fdff1954baedb6bdd407cba6a307c9f27d", size = 2225133, upload-time = "2026-04-20T14:41:07.334Z" },
    { url = "https://files.pythonhosted.org/packages/d5/df/8eb296b9661574ef26e990856991615c1e1fb1744a10b896bff684a3c99a/pydantic_core-2.46.3-cp39-cp39-manylinux_2_17_s390x.manylinux2014_s390x.whl", hash = "sha256:dd81f6907932ebac3abbe41378dac64b2380db1287e2aa64d8d88f78d170f51a", size = 2282409, upload-time = "2026-04-20T14:43:07.567Z" },
    { url = "https://files.pythonhosted.org/packages/d2/07/888c53b769be71072a1dbd741ec25160579d789ef276fd5bd2045a07b09a/pydantic_core-2.46.3-cp39-cp39-manylinux_2_17_x86_64.manylinux2014_x86_64.whl", hash = "sha256:9f247596366f4221af52beddd65af1218797771d6989bc891a0b86ccaa019168", size = 2095775, upload-time = "2026-04-20T14:42:21.586Z" },
    { url = "https://files.pythonhosted.org/packages/8a/19/6c32bdb93362b899bf92ac42c824898ab93dd8a23f339cbf5c5098ef61a6/pydantic_core-2.46.3-cp39-cp39-manylinux_2_31_riscv64.whl", hash = "sha256:6dff8cc884679df229ebc6d8eb2321ea6f8e091bc7d4886d4dc2e0e71452843c", size = 2118999, upload-time = "2026-04-20T14:44:43.791Z" },
    { url = "https://files.pythonhosted.org/packages/6b/c6/31d926d003f59a032ff61b62990e378f0fb985aa9d77fd448a6140f7eb5f/pydantic_core-2.46.3-cp39-cp39-manylinux_2_5_i686.manylinux1_i686.whl", hash = "sha256:68ef2f623dda6d5a9067ac014e406c020c780b2a358930a7e5c1b73702900720", size = 2162368, upload-time = "2026-04-20T14:41:12.529Z" },
    { url = "https://files.pythonhosted.org/packages/4f/a1/48d669051947845ff54f5b7cb6254ccafb23aa284184de6f273145d0e45b/pydantic_core-2.46.3-cp39-cp39-musllinux_1_1_aarch64.whl", hash = "sha256:d56bdb4af1767cc15b0386b3c581fdfe659bb9ee4a4f776e92c1cd9d074000d6", size = 2184786, upload-time = "2026-04-20T14:42:40.235Z" },
    { url = "https://files.pythonhosted.org/packages/08/ff/a722cade3d4bd8ed6433a8e84eddf2f993b5fb4a47cade269289cfb4cc0c/pydantic_core-2.46.3-cp39-cp39-musllinux_1_1_armv7l.whl", hash = "sha256:91249bcb7c165c2fb2a2f852dbc5c91636e2e218e75d96dfdd517e4078e173dd", size = 2325626, upload-time = "2026-04-20T14:41:37.73Z" },
    { url = "https://files.pythonhosted.org/packages/ad/8a/238e33805d6f3691bcce8739db7d0376a2388e1b3f2c8db2128f6683fc78/pydantic_core-2.46.3-cp39-cp39-musllinux_1_1_x86_64.whl", hash = "sha256:4b068543bdb707f5d935dab765d99227aa2545ef2820935f2e5dd801795c7dbd", size = 2363286, upload-time = "2026-04-20T14:42:29.385Z" },
    { url = "https://files.pythonhosted.org/packages/ad/2e/ab044f4431798a565242d5e8e48d080faa931f45e3d30df62e4f501d9bb0/pydantic_core-2.46.3-cp39-cp39-win32.whl", hash = "sha256:dcda6583921c05a40533f982321532f2d8db29326c7b95c4026941fa5074bd79", size = 1981660, upload-time = "2026-04-20T14:43:54.525Z" },
    { url = "https://files.pythonhosted.org/packages/d0/2c/13855786276f51fe86915c0533f4fc14e1d5421726ba8ad57caa09eb18ec/pydantic_core-2.46.3-cp39-cp39-win_amd64.whl", hash = "sha256:a35cc284c8dd7edae8a31533713b4d2467dfe7c4f1b5587dd4031f28f90d1d13", size = 2078793, upload-time = "2026-04-20T14:42:17.87Z" },
    { url = "https://files.pythonhosted.org/packages/66/7f/03dbad45cd3aa9083fbc93c210ae8b005af67e4136a14186950a747c6874/pydantic_core-2.46.3-graalpy311-graalpy242_311_native-macosx_10_12_x86_64.whl", hash = "sha256:9715525891ed524a0a1eb6d053c74d4d4ad5017677fb00af0b7c2644a31bae46", size = 2105683, upload-time = "2026-04-20T14:42:19.779Z" },
    { url = "https://files.pythonhosted.org/packages/26/22/4dc186ac8ea6b257e9855031f51b62a9637beac4d68ac06bee02f046f836/pydantic_core-2.46.3-graalpy311-graalpy242_311_native-macosx_11_0_arm64.whl", hash = "sha256:9d2f400712a99a013aff420ef1eb9be077f8189a36c1e3ef87660b4e1088a874", size = 1940052, upload-time = "2026-04-20T14:43:59.274Z" },
    { url = "https://files.pythonhosted.org/packages/0d/ca/d376391a5aff1f2e8188960d7873543608130a870961c2b6b5236627c116/pydantic_core-2.46.3-graalpy311-graalpy242_311_native-manylinux_2_17_aarch64.manylinux2014_aarch64.whl", hash = "sha256:bd2aab0e2e9dc2daf36bd2686c982535d5e7b1d930a1344a7bb6e82baab42a76", size = 1988172, upload-time = "2026-04-20T14:41:17.469Z" },
    { url = "https://files.pythonhosted.org/packages/0e/6b/523b9f85c23788755d6ab949329de692a2e3a584bc6beb67fef5e035aa9d/pydantic_core-2.46.3-graalpy311-graalpy242_311_native-manylinux_2_17_x86_64.manylinux2014_x86_64.whl", hash = "sha256:4e9d76736da5f362fabfeea6a69b13b7f2be405c6d6966f06b2f6bfff7e64531", size = 2128596, upload-time = "2026-04-20T14:40:41.707Z" },
    { url = "https://files.pythonhosted.org/packages/34/42/f426db557e8ab2791bc7562052299944a118655496fbff99914e564c0a94/pydantic_core-2.46.3-graalpy312-graalpy250_312_native-macosx_10_12_x86_64.whl", hash = "sha256:b12dd51f1187c2eb489af8e20f880362db98e954b54ab792fa5d92e8bcc6b803", size = 2091877, upload-time = "2026-04-20T14:43:27.091Z" },
    { url = "https://files.pythonhosted.org/packages/5c/4f/86a832a9d14df58e663bfdf4627dc00d3317c2bd583c4fb23390b0f04b8e/pydantic_core-2.46.3-graalpy312-graalpy250_312_native-macosx_11_0_arm64.whl", hash = "sha256:f00a0961b125f1a47af7bcc17f00782e12f4cd056f83416006b30111d941dfa3", size = 1932428, upload-time = "2026-04-20T14:40:45.781Z" },
    { url = "https://files.pythonhosted.org/packages/11/1a/fe857968954d93fb78e0d4b6df5c988c74c4aaa67181c60be7cfe327c0ca/pydantic_core-2.46.3-graalpy312-graalpy250_312_native-manylinux_2_17_aarch64.manylinux2014_aarch64.whl", hash = "sha256:57697d7c056aca4bbb680200f96563e841a6386ac1129370a0102592f4dddff5", size = 1997550, upload-time = "2026-04-20T14:44:02.425Z" },
    { url = "https://files.pythonhosted.org/packages/17/eb/9d89ad2d9b0ba8cd65393d434471621b98912abb10fbe1df08e480ba57b5/pydantic_core-2.46.3-graalpy312-graalpy250_312_native-manylinux_2_17_x86_64.manylinux2014_x86_64.whl", hash = "sha256:fd35aa21299def8db7ef4fe5c4ff862941a9a158ca7b63d61e66fe67d30416b4", size = 2137657, upload-time = "2026-04-20T14:42:45.149Z" },
    { url = "https://files.pythonhosted.org/packages/1f/da/99d40830684f81dec901cac521b5b91c095394cc1084b9433393cde1c2df/pydantic_core-2.46.3-pp311-pypy311_pp73-macosx_10_12_x86_64.whl", hash = "sha256:13afdd885f3d71280cf286b13b310ee0f7ccfefd1dbbb661514a474b726e2f25", size = 2107973, upload-time = "2026-04-20T14:42:06.175Z" },
    { url = "https://files.pythonhosted.org/packages/99/a5/87024121818d75bbb2a98ddbaf638e40e7a18b5e0f5492c9ca4b1b316107/pydantic_core-2.46.3-pp311-pypy311_pp73-macosx_11_0_arm64.whl", hash = "sha256:f91c0aff3e3ee0928edd1232c57f643a7a003e6edf1860bc3afcdc749cb513f3", size = 1947191, upload-time = "2026-04-20T14:43:14.319Z" },
    { url = "https://files.pythonhosted.org/packages/60/62/0c1acfe10945b83a6a59d19fbaa92f48825381509e5701b855c08f13db76/pydantic_core-2.46.3-pp311-pypy311_pp73-manylinux_2_17_x86_64.manylinux2014_x86_64.whl", hash = "sha256:6529d1d128321a58d30afcc97b49e98836542f68dd41b33c2e972bb9e5290536", size = 2123791, upload-time = "2026-04-20T14:43:22.766Z" },
    { url = "https://files.pythonhosted.org/packages/75/3e/3b2393b4c8f44285561dc30b00cf307a56a2eff7c483a824db3b8221ca51/pydantic_core-2.46.3-pp311-pypy311_pp73-manylinux_2_5_i686.manylinux1_i686.whl", hash = "sha256:975c267cff4f7e7272eacbe50f6cc03ca9a3da4c4fbd66fffd89c94c1e311aa1", size = 2153197, upload-time = "2026-04-20T14:44:27.932Z" },
    { url = "https://files.pythonhosted.org/packages/ba/75/5af02fb35505051eee727c061f2881c555ab4f8ddb2d42da715a42c9731b/pydantic_core-2.46.3-pp311-pypy311_pp73-musllinux_1_1_aarch64.whl", hash = "sha256:2b8e4f2bbdf71415c544b4b1138b8060db7b6611bc927e8064c769f64bed651c", size = 2181073, upload-time = "2026-04-20T14:43:20.729Z" },
    { url = "https://files.pythonhosted.org/packages/10/92/7e0e1bd9ca3c68305db037560ca2876f89b2647deb2f8b6319005de37505/pydantic_core-2.46.3-pp311-pypy311_pp73-musllinux_1_1_armv7l.whl", hash = "sha256:e61ea8e9fff9606d09178f577ff8ccdd7206ff73d6552bcec18e1033c4254b85", size = 2315886, upload-time = "2026-04-20T14:44:04.826Z" },
    { url = "https://files.pythonhosted.org/packages/b8/d8/101655f27eaf3e44558ead736b2795d12500598beed4683f279396fa186e/pydantic_core-2.46.3-pp311-pypy311_pp73-musllinux_1_1_x86_64.whl", hash = "sha256:b504bda01bafc69b6d3c7a0c7f039dcf60f47fab70e06fe23f57b5c75bdc82b8", size = 2360528, upload-time = "2026-04-20T14:40:47.431Z" },
    { url = "https://files.pythonhosted.org/packages/07/0f/1c34a74c8d07136f0d729ffe5e1fdab04fbdaa7684f61a92f92511a84a15/pydantic_core-2.46.3-pp311-pypy311_pp73-win_amd64.whl", hash = "sha256:b00b76f7142fc60c762ce579bd29c8fa44aaa56592dd3c54fab3928d0d4ca6ff", size = 2184144, upload-time = "2026-04-20T14:42:57Z" },
]

[[package]]
name = "typing-extensions"
version = "4.15.0"
source = { registry = "https://pypi.org/simple" }
sdist = { url = "https://files.pythonhosted.org/packages/72/94/1a15dd82efb362ac84269196e94cf00f187f7ed21c242792a923cdb1c61f/typing_extensions-4.15.0.tar.gz", hash = "sha256:0cea48d173cc12fa28ecabc3b837ea3cf6f38c6d1136f85cbaaf598984861466", size = 109391, upload-time = "2025-08-25T13:49:26.313Z" }
wheels = [
    { url = "https://files.pythonhosted.org/packages/18/67/36e9267722cc04a6b9f15c7f3441c2363321a3ea07da7ae0c0707beb2a9c/typing_extensions-4.15.0-py3-none-any.whl", hash = "sha256:f0fa19c6845758ab08074a0cfa8b7aecb71c999ca73d62883bc25cc018c4e548", size = 44614, upload-time = "2025-08-25T13:49:24.86Z" },
]

[[package]]
name = "typing-inspection"
version = "0.4.2"
source = { registry = "https://pypi.org/simple" }
dependencies = [
    { name = "typing-extensions" },
]
sdist = { url = "https://files.pythonhosted.org/packages/55/e3/70399cb7dd41c10ac53367ae42139cf4b1ca5f36bb3dc6c9d33acdb43655/typing_inspection-0.4.2.tar.gz", hash = "sha256:ba561c48a67c5958007083d386c3295464928b01faa735ab8547c5692e87f464", size = 75949, upload-time = "2025-10-01T02:14:41.687Z" }
wheels = [
    { url = "https://files.pythonhosted.org/packages/dc/9b/47798a6c91d8bdb567fe2698fe81e0c6b7cb7ef4d13da4114b41d239f65d/typing_inspection-0.4.2-py3-none-any.whl", hash = "sha256:4ed1cacbdc298c220f1bd249ed5287caa16f34d44ef4e9c3d0cbad5b521545e7", size = 14611, upload-time = "2025-10-01T02:14:40.154Z" },
]
