{
  "name": "fern",
  "lockfileVersion": 3,
  "requires": true,
  "packages": {
    "": {
      "devDependencies": {
        "fern-api": "^0.31.24"
      }
    },
    "node_modules/fern-api": {
      "version": "0.31.24",
      "resolved": "https://registry.npmjs.org/fern-api/-/fern-api-0.31.24.tgz",
      "integrity": "sha512-hO0BY0q3+//OVLALI6875Sh6OlMPRJG4HeIRjIaX4ZmMtPbsZKMoowPSKWyewwnw2uYotklIgIsZWLKoAo7C3A==",
      "dev": true,
      "bin": {
        "fern": "cli.cjs"
      }
    }
  }
}
